
Microsoft Visual Studio Solution File, Format Version 12.00
# Visual Studio 14
VisualStudioVersion = 14.0.25420.1
MinimumVisualStudioVersion = 10.0.40219.1
Project("{FAE04EC0-301F-11D3-BF4B-00C04F79EFBC}") = "JAETech_StratCalc", "JAETech_StratCalc\JAETech_StratCalc.csproj", "{1F252645-9588-4CF3-8851-E55E38F4090D}"
EndProject
Global
	GlobalSection(SolutionConfigurationPlatforms) = preSolution
		Debug|Any CPU = Debug|Any CPU
		Release|Any CPU = Release|Any CPU
	EndGlobalSection
	GlobalSection(ProjectConfigurationPlatforms) = postSolution
		{1F252645-9588-4CF3-8851-E55E38F4090D}.Debug|Any CPU.ActiveCfg = Debug|Any CPU
		{1F252645-9588-4CF3-8851-E55E38F4090D}.Debug|Any CPU.Build.0 = Debug|Any CPU
		{1F252645-9588-4CF3-8851-E55E38F4090D}.Release|Any CPU.ActiveCfg = Release|Any CPU
		{1F252645-9588-4CF3-8851-E55E38F4090D}.Release|Any CPU.Build.0 = Release|Any CPU
	EndGlobalSection
	GlobalSection(SolutionProperties) = preSolution
		HideSolutionNode = FALSE
	EndGlobalSection
EndGlobal
